
Microsoft Visual Studio Solution File, Format Version 12.00
# Visual Studio 15
VisualStudioVersion = 15.0.27703.2035
MinimumVisualStudioVersion = 10.0.40219.1
Project("{FAE04EC0-301F-11D3-BF4B-00C04F79EFBC}") = "Open.OAuth2", "Open.OAuth2.csproj", "{E8CC5982-92FC-4556-A2AB-C50AE5DF71C4}"
EndProject
Global
	GlobalSection(SolutionConfigurationPlatforms) = preSolution
		Debug|Any CPU = Debug|Any CPU
		Release|Any CPU = Release|Any CPU
	EndGlobalSection
	GlobalSection(ProjectConfigurationPlatforms) = postSolution
		{E8CC5982-92FC-4556-A2AB-C50AE5DF71C4}.Debug|Any CPU.ActiveCfg = Debug|Any CPU
		{E8CC5982-92FC-4556-A2AB-C50AE5DF71C4}.Debug|Any CPU.Build.0 = Debug|Any CPU
		{E8CC5982-92FC-4556-A2AB-C50AE5DF71C4}.Release|Any CPU.ActiveCfg = Release|Any CPU
		{E8CC5982-92FC-4556-A2AB-C50AE5DF71C4}.Release|Any CPU.Build.0 = Release|Any CPU
	EndGlobalSection
	GlobalSection(SolutionProperties) = preSolution
		HideSolutionNode = FALSE
	EndGlobalSection
	GlobalSection(ExtensibilityGlobals) = postSolution
		SolutionGuid = {51277E10-4A6D-47DF-9BFA-CE052ED350FE}
	EndGlobalSection
EndGlobal
